
Microsoft Visual Studio Solution File, Format Version 10.00
# Visual Studio 2008
Project("{8BC9CEB8-8B4A-11D0-8D11-00A0C91BC942}") = "OIS", "Input\ois\Win32\OIS_vc8.vcproj", "{9CC704CB-4956-4479-BDEC-57CBC03F700E}"
EndProject
Project("{8BC9CEB8-8B4A-11D0-8D11-00A0C91BC942}") = "PracticaBasica", "PracticaBasica.vcproj", "{AD46D1F7-6238-4024-92FB-547A606003E2}"
	ProjectSection(ProjectDependencies) = postProject
		{9CC704CB-4956-4479-BDEC-57CBC03F700E} = {9CC704CB-4956-4479-BDEC-57CBC03F700E}
	EndProjectSection
EndProject
Global
	GlobalSection(SolutionConfigurationPlatforms) = preSolution
		Debug|Win32 = Debug|Win32
		OIS_DebugDll|Win32 = OIS_DebugDll|Win32
		OIS_ReleaseDll|Win32 = OIS_ReleaseDll|Win32
		Release|Win32 = Release|Win32
	EndGlobalSection
	GlobalSection(ProjectConfigurationPlatforms) = postSolution
		{9CC704CB-4956-4479-BDEC-57CBC03F700E}.Debug|Win32.ActiveCfg = Debug|Win32
		{9CC704CB-4956-4479-BDEC-57CBC03F700E}.Debug|Win32.Build.0 = Debug|Win32
		{9CC704CB-4956-4479-BDEC-57CBC03F700E}.OIS_DebugDll|Win32.ActiveCfg = OIS_DebugDll|Win32
		{9CC704CB-4956-4479-BDEC-57CBC03F700E}.OIS_DebugDll|Win32.Build.0 = OIS_DebugDll|Win32
		{9CC704CB-4956-4479-BDEC-57CBC03F700E}.OIS_ReleaseDll|Win32.ActiveCfg = OIS_ReleaseDll|Win32
		{9CC704CB-4956-4479-BDEC-57CBC03F700E}.OIS_ReleaseDll|Win32.Build.0 = OIS_ReleaseDll|Win32
		{9CC704CB-4956-4479-BDEC-57CBC03F700E}.Release|Win32.ActiveCfg = Release|Win32
		{9CC704CB-4956-4479-BDEC-57CBC03F700E}.Release|Win32.Build.0 = Release|Win32
		{AD46D1F7-6238-4024-92FB-547A606003E2}.Debug|Win32.ActiveCfg = Debug|Win32
		{AD46D1F7-6238-4024-92FB-547A606003E2}.Debug|Win32.Build.0 = Debug|Win32
		{AD46D1F7-6238-4024-92FB-547A606003E2}.OIS_DebugDll|Win32.ActiveCfg = Debug|Win32
		{AD46D1F7-6238-4024-92FB-547A606003E2}.OIS_DebugDll|Win32.Build.0 = Debug|Win32
		{AD46D1F7-6238-4024-92FB-547A606003E2}.OIS_ReleaseDll|Win32.ActiveCfg = Release|Win32
		{AD46D1F7-6238-4024-92FB-547A606003E2}.OIS_ReleaseDll|Win32.Build.0 = Release|Win32
		{AD46D1F7-6238-4024-92FB-547A606003E2}.Release|Win32.ActiveCfg = Release|Win32
		{AD46D1F7-6238-4024-92FB-547A606003E2}.Release|Win32.Build.0 = Release|Win32
	EndGlobalSection
	GlobalSection(SolutionProperties) = preSolution
		HideSolutionNode = FALSE
	EndGlobalSection
EndGlobal
